
Microsoft Visual Studio Solution File, Format Version 12.00
# Visual Studio Version 16
VisualStudioVersion = 16.0.29613.14
MinimumVisualStudioVersion = 10.0.40219.1
Project("{FAE04EC0-301F-11D3-BF4B-00C04F79EFBC}") = "TextareaBugReproWasm", "TextareaBugReproWasm\TextareaBugReproWasm.csproj", "{1CDF23E6-F9BF-4E2F-8F9A-D54B8C84DDD5}"
EndProject
Global
	GlobalSection(SolutionConfigurationPlatforms) = preSolution
		Debug|Any CPU = Debug|Any CPU
		Release|Any CPU = Release|Any CPU
	EndGlobalSection
	GlobalSection(ProjectConfigurationPlatforms) = postSolution
		{1CDF23E6-F9BF-4E2F-8F9A-D54B8C84DDD5}.Debug|Any CPU.ActiveCfg = Debug|Any CPU
		{1CDF23E6-F9BF-4E2F-8F9A-D54B8C84DDD5}.Debug|Any CPU.Build.0 = Debug|Any CPU
		{1CDF23E6-F9BF-4E2F-8F9A-D54B8C84DDD5}.Release|Any CPU.ActiveCfg = Release|Any CPU
		{1CDF23E6-F9BF-4E2F-8F9A-D54B8C84DDD5}.Release|Any CPU.Build.0 = Release|Any CPU
	EndGlobalSection
	GlobalSection(SolutionProperties) = preSolution
		HideSolutionNode = FALSE
	EndGlobalSection
	GlobalSection(ExtensibilityGlobals) = postSolution
		SolutionGuid = {2F364155-EFE1-4238-A777-E4E5867B4C9D}
	EndGlobalSection
EndGlobal
